
Microsoft Visual Studio Solution File, Format Version 11.00
# Visual Studio 2010
Project("{FAE04EC0-301F-11D3-BF4B-00C04F79EFBC}") = "TryLoggingElmah", "TryLoggingElmah\TryLoggingElmah.csproj", "{2EA66C12-4801-4452-AB4E-7223F0D57FCC}"
EndProject
Global
	GlobalSection(SolutionConfigurationPlatforms) = preSolution
		Debug|Any CPU = Debug|Any CPU
		Release|Any CPU = Release|Any CPU
	EndGlobalSection
	GlobalSection(ProjectConfigurationPlatforms) = postSolution
		{2EA66C12-4801-4452-AB4E-7223F0D57FCC}.Debug|Any CPU.ActiveCfg = Debug|Any CPU
		{2EA66C12-4801-4452-AB4E-7223F0D57FCC}.Debug|Any CPU.Build.0 = Debug|Any CPU
		{2EA66C12-4801-4452-AB4E-7223F0D57FCC}.Release|Any CPU.ActiveCfg = Release|Any CPU
		{2EA66C12-4801-4452-AB4E-7223F0D57FCC}.Release|Any CPU.Build.0 = Release|Any CPU
	EndGlobalSection
	GlobalSection(MonoDevelopProperties) = preSolution
		StartupItem = TryLoggingElmah\TryLoggingElmah.csproj
	EndGlobalSection
EndGlobal
